// !$*UTF8*$!
{
	archiveVersion = 1;
	classes = {
	};
	objectVersion = 46;
	objects = {

/* Begin PBXBuildFile section */
		657338821B96091E00012D99 /* AppDelegate.swift in Sources */ = {isa = PBXBuildFile; fileRef = 657338811B96091E00012D99 /* AppDelegate.swift */; };
		657338841B96091E00012D99 /* ViewController.swift in Sources */ = {isa = PBXBuildFile; fileRef = 657338831B96091E00012D99 /* ViewController.swift */; };
		657338871B96091E00012D99 /* Main.storyboard in Resources */ = {isa = PBXBuildFile; fileRef = 657338851B96091E00012D99 /* Main.storyboard */; };
		657338891B96091E00012D99 /* Images.xcassets in Resources */ = {isa = PBXBuildFile; fileRef = 657338881B96091E00012D99 /* Images.xcassets */; };
		6573388C1B96091E00012D99 /* LaunchScreen.xib in Resources */ = {isa = PBXBuildFile; fileRef = 6573388A1B96091E00012D99 /* LaunchScreen.xib */; };
		657338981B96091E00012D99 /* YelpAutolayoutTests.swift in Sources */ = {isa = PBXBuildFile; fileRef = 657338971B96091E00012D99 /* YelpAutolayoutTests.swift */; };
/* End PBXBuildFile section */

/* Begin PBXContainerItemProxy section */
		657338921B96091E00012D99 /* PBXContainerItemProxy */ = {
			isa = PBXContainerItemProxy;
			containerPortal = 657338741B96091E00012D99 /* Project object */;
			proxyType = 1;
			remoteGlobalIDString = 6573387B1B96091E00012D99;
			remoteInfo = YelpAutolayout;
		};
/* End PBXContainerItemProxy section */

/* Begin PBXFileReference section */
		6573387C1B96091E00012D99 /* YelpAutolayout.app */ = {isa = PBXFileReference; explicitFileType = wrapper.application; includeInIndex = 0; path = YelpAutolayout.app; sourceTree = BUILT_PRODUCTS_DIR; };
		657338801B96091E00012D99 /* Info.plist */ = {isa = PBXFileReference; lastKnownFileType = text.plist.xml; path = Info.plist; sourceTree = "<group>"; };
		657338811B96091E00012D99 /* AppDelegate.swift */ = {isa = PBXFileReference; lastKnownFileType = sourcecode.swift; path = AppDelegate.swift; sourceTree = "<group>"; };
		657338831B96091E00012D99 /* ViewController.swift */ = {isa = PBXFileReference; lastKnownFileType = sourcecode.swift; path = ViewController.swift; sourceTree = "<group>"; };
		657338861B96091E00012D99 /* Base */ = {isa = PBXFileReference; lastKnownFileType = file.storyboard; name = Base; path = Base.lproj/Main.storyboard; sourceTree = "<group>"; };
		657338881B96091E00012D99 /* Images.xcassets */ = {isa = PBXFileReference; lastKnownFileType = folder.assetcatalog; path = Images.xcassets; sourceTree = "<group>"; };
		6573388B1B96091E00012D99 /* Base */ = {isa = PBXFileReference; lastKnownFileType = file.xib; name = Base; path = Base.lproj/LaunchScreen.xib; sourceTree = "<group>"; };
		657338911B96091E00012D99 /* YelpAutolayoutTests.xctest */ = {isa = PBXFileReference; explicitFileType = wrapper.cfbundle; includeInIndex = 0; path = YelpAutolayoutTests.xctest; sourceTree = BUILT_PRODUCTS_DIR; };
		657338961B96091E00012D99 /* Info.plist */ = {isa = PBXFileReference; lastKnownFileType = text.plist.xml; path = Info.plist; sourceTree = "<group>"; };
		657338971B96091E00012D99 /* YelpAutolayoutTests.swift */ = {isa = PBXFileReference; lastKnownFileType = sourcecode.swift; path = YelpAutolayoutTests.swift; sourceTree = "<group>"; };
/* End PBXFileReference section */

/* Begin PBXFrameworksBuildPhase section */
		657338791B96091E00012D99 /* Frameworks */ = {
			isa = PBXFrameworksBuildPhase;
			buildActionMask = 2147483647;
			files = (
			);
			runOnlyForDeploymentPostprocessing = 0;
		};
		6573388E1B96091E00012D99 /* Frameworks */ = {
			isa = PBXFrameworksBuildPhase;
			buildActionMask = 2147483647;
			files = (
			);
			runOnlyForDeploymentPostprocessing = 0;
		};
/* End PBXFrameworksBuildPhase section */

/* Begin PBXGroup section */
		657338731B96091E00012D99 = {
			isa = PBXGroup;
			children = (
				6573387E1B96091E00012D99 /* YelpAutolayout */,
				657338941B96091E00012D99 /* YelpAutolayoutTests */,
				6573387D1B96091E00012D99 /* Products */,
			);
			sourceTree = "<group>";
		};
		6573387D1B96091E00012D99 /* Products */ = {
			isa = PBXGroup;
			children = (
				6573387C1B96091E00012D99 /* YelpAutolayout.app */,
				657338911B96091E00012D99 /* YelpAutolayoutTests.xctest */,
			);
			name = Products;
			sourceTree = "<group>";
		};
		6573387E1B96091E00012D99 /* YelpAutolayout */ = {
			isa = PBXGroup;
			children = (
				657338811B96091E00012D99 /* AppDelegate.swift */,
				657338831B96091E00012D99 /* ViewController.swift */,
				657338851B96091E00012D99 /* Main.storyboard */,
				657338881B96091E00012D99 /* Images.xcassets */,
				6573388A1B96091E00012D99 /* LaunchScreen.xib */,
				6573387F1B96091E00012D99 /* Supporting Files */,
			);
			path = YelpAutolayout;
			sourceTree = "<group>";
		};
		6573387F1B96091E00012D99 /* Supporting Files */ = {
			isa = PBXGroup;
			children = (
				657338801B96091E00012D99 /* Info.plist */,
			);
			name = "Supporting Files";
			sourceTree = "<group>";
		};
		657338941B96091E00012D99 /* YelpAutolayoutTests */ = {
			isa = PBXGroup;
			children = (
				657338971B96091E00012D99 /* YelpAutolayoutTests.swift */,
				657338951B96091E00012D99 /* Supporting Files */,
			);
			path = YelpAutolayoutTests;
			sourceTree = "<group>";
		};
		657338951B96091E00012D99 /* Supporting Files */ = {
			isa = PBXGroup;
			children = (
				657338961B96091E00012D99 /* Info.plist */,
			);
			name = "Supporting Files";
			sourceTree = "<group>";
		};
/* End PBXGroup section */

/* Begin PBXNativeTarget section */
		6573387B1B96091E00012D99 /* YelpAutolayout */ = {
			isa = PBXNativeTarget;
			buildConfigurationList = 6573389B1B96091E00012D99 /* Build configuration list for PBXNativeTarget "YelpAutolayout" */;
			buildPhases = (
				657338781B96091E00012D99 /* Sources */,
				657338791B96091E00012D99 /* Frameworks */,
				6573387A1B96091E00012D99 /* Resources */,
			);
			buildRules = (
			);
			dependencies = (
			);
			name = YelpAutolayout;
			productName = YelpAutolayout;
			productReference = 6573387C1B96091E00012D99 /* YelpAutolayout.app */;
			productType = "com.apple.product-type.application";
		};
		657338901B96091E00012D99 /* YelpAutolayoutTests */ = {
			isa = PBXNativeTarget;
			buildConfigurationList = 6573389E1B96091E00012D99 /* Build configuration list for PBXNativeTarget "YelpAutolayoutTests" */;
			buildPhases = (
				6573388D1B96091E00012D99 /* Sources */,
				6573388E1B96091E00012D99 /* Frameworks */,
				6573388F1B96091E00012D99 /* Resources */,
			);
			buildRules = (
			);
			dependencies = (
				657338931B96091E00012D99 /* PBXTargetDependency */,
			);
			name = YelpAutolayoutTests;
			productName = YelpAutolayoutTests;
			productReference = 657338911B96091E00012D99 /* YelpAutolayoutTests.xctest */;
			productType = "com.apple.product-type.bundle.unit-test";
		};
/* End PBXNativeTarget section */

/* Begin PBXProject section */
		657338741B96091E00012D99 /* Project object */ = {
			isa = PBXProject;
			attributes = {
				LastUpgradeCheck = 0640;
				ORGANIZATIONNAME = "Tommy Chheng";
				TargetAttributes = {
					6573387B1B96091E00012D99 = {
						CreatedOnToolsVersion = 6.4;
					};
					657338901B96091E00012D99 = {
						CreatedOnToolsVersion = 6.4;
						TestTargetID = 6573387B1B96091E00012D99;
					};
				};
			};
			buildConfigurationList = 657338771B96091E00012D99 /* Build configuration list for PBXProject "YelpAutolayout" */;
			compatibilityVersion = "Xcode 3.2";
			developmentRegion = English;
			hasScannedForEncodings = 0;
			knownRegions = (
				en,
				Base,
			);
			mainGroup = 657338731B96091E00012D99;
			productRefGroup = 6573387D1B96091E00012D99 /* Products */;
			projectDirPath = "";
			projectRoot = "";
			targets = (
				6573387B1B96091E00012D99 /* YelpAutolayout */,
				657338901B96091E00012D99 /* YelpAutolayoutTests */,
			);
		};
/* End PBXProject section */

/* Begin PBXResourcesBuildPhase section */
		6573387A1B96091E00012D99 /* Resources */ = {
			isa = PBXResourcesBuildPhase;
			buildActionMask = 2147483647;
			files = (
				657338871B96091E00012D99 /* Main.storyboard in Resources */,
				6573388C1B96091E00012D99 /* LaunchScreen.xib in Resources */,
				657338891B96091E00012D99 /* Images.xcassets in Resources */,
			);
			runOnlyForDeploymentPostprocessing = 0;
		};
		6573388F1B96091E00012D99 /* Resources */ = {
			isa = PBXResourcesBuildPhase;
			buildActionMask = 2147483647;
			files = (
			);
			runOnlyForDeploymentPostprocessing = 0;
		};
/* End PBXResourcesBuildPhase section */

/* Begin PBXSourcesBuildPhase section */
		657338781B96091E00012D99 /* Sources */ = {
			isa = PBXSourcesBuildPhase;
			buildActionMask = 2147483647;
			files = (
				657338841B96091E00012D99 /* ViewController.swift in Sources */,
				657338821B96091E00012D99 /* AppDelegate.swift in Sources */,
			);
			runOnlyForDeploymentPostprocessing = 0;
		};
		6573388D1B96091E00012D99 /* Sources */ = {
			isa = PBXSourcesBuildPhase;
			buildActionMask = 2147483647;
			files = (
				657338981B96091E00012D99 /* YelpAutolayoutTests.swift in Sources */,
			);
			runOnlyForDeploymentPostprocessing = 0;
		};
/* End PBXSourcesBuildPhase section */

/* Begin PBXTargetDependency section */
		657338931B96091E00012D99 /* PBXTargetDependency */ = {
			isa = PBXTargetDependency;
			target = 6573387B1B96091E00012D99 /* YelpAutolayout */;
			targetProxy = 657338921B96091E00012D99 /* PBXContainerItemProxy */;
		};
/* End PBXTargetDependency section */

/* Begin PBXVariantGroup section */
		657338851B96091E00012D99 /* Main.storyboard */ = {
			isa = PBXVariantGroup;
			children = (
				657338861B96091E00012D99 /* Base */,
			);
			name = Main.storyboard;
			sourceTree = "<group>";
		};
		6573388A1B96091E00012D99 /* LaunchScreen.xib */ = {
			isa = PBXVariantGroup;
			children = (
				6573388B1B96091E00012D99 /* Base */,
			);
			name = LaunchScreen.xib;
			sourceTree = "<group>";
		};
/* End PBXVariantGroup section */

/* Begin XCBuildConfiguration section */
		657338991B96091E00012D99 /* Debug */ = {
			isa = XCBuildConfiguration;
			buildSettings = {
				ALWAYS_SEARCH_USER_PATHS = NO;
				CLANG_CXX_LANGUAGE_STANDARD = "gnu++0x";
				CLANG_CXX_LIBRARY = "libc++";
				CLANG_ENABLE_MODULES = YES;
				CLANG_ENABLE_OBJC_ARC = YES;
				CLANG_WARN_BOOL_CONVERSION = YES;
				CLANG_WARN_CONSTANT_CONVERSION = YES;
				CLANG_WARN_DIRECT_OBJC_ISA_USAGE = YES_ERROR;
				CLANG_WARN_EMPTY_BODY = YES;
				CLANG_WARN_ENUM_CONVERSION = YES;
				CLANG_WARN_INT_CONVERSION = YES;
				CLANG_WARN_OBJC_ROOT_CLASS = YES_ERROR;
				CLANG_WARN_UNREACHABLE_CODE = YES;
				CLANG_WARN__DUPLICATE_METHOD_MATCH = YES;
				"CODE_SIGN_IDENTITY[sdk=iphoneos*]" = "iPhone Developer";
				COPY_PHASE_STRIP = NO;
				DEBUG_INFORMATION_FORMAT = "dwarf-with-dsym";
				ENABLE_STRICT_OBJC_MSGSEND = YES;
				GCC_C_LANGUAGE_STANDARD = gnu99;
				GCC_DYNAMIC_NO_PIC = NO;
				GCC_NO_COMMON_BLOCKS = YES;
				GCC_OPTIMIZATION_LEVEL = 0;
				GCC_PREPROCESSOR_DEFINITIONS = (
					"DEBUG=1",
					"$(inherited)",
				);
				GCC_SYMBOLS_PRIVATE_EXTERN = NO;
				GCC_WARN_64_TO_32_BIT_CONVERSION = YES;
				GCC_WARN_ABOUT_RETURN_TYPE = YES_ERROR;
				GCC_WARN_UNDECLARED_SELECTOR = YES;
				GCC_WARN_UNINITIALIZED_AUTOS = YES_AGGRESSIVE;
				GCC_WARN_UNUSED_FUNCTION = YES;
				GCC_WARN_UNUSED_VARIABLE = YES;
				IPHONEOS_DEPLOYMENT_TARGET = 8.4;
				MTL_ENABLE_DEBUG_INFO = YES;
				ONLY_ACTIVE_ARCH = YES;
				SDKROOT = iphoneos;
				SWIFT_OPTIMIZATION_LEVEL = "-Onone";
				TARGETED_DEVICE_FAMILY = "1,2";
			};
			name = Debug;
		};
		6573389A1B96091E00012D99 /* Release */ = {
			isa = XCBuildConfiguration;
			buildSettings = {
				ALWAYS_SEARCH_USER_PATHS = NO;
				CLANG_CXX_LANGUAGE_STANDARD = "gnu++0x";
				CLANG_CXX_LIBRARY = "libc++";
				CLANG_ENABLE_MODULES = YES;
				CLANG_ENABLE_OBJC_ARC = YES;
				CLANG_WARN_BOOL_CONVERSION = YES;
				CLANG_WARN_CONSTANT_CONVERSION = YES;
				CLANG_WARN_DIRECT_OBJC_ISA_USAGE = YES_ERROR;
				CLANG_WARN_EMPTY_BODY = YES;
				CLANG_WARN_ENUM_CONVERSION = YES;
				CLANG_WARN_INT_CONVERSION = YES;
				CLANG_WARN_OBJC_ROOT_CLASS = YES_ERROR;
				CLANG_WARN_UNREACHABLE_CODE = YES;
				CLANG_WARN__DUPLICATE_METHOD_MATCH = YES;
				"CODE_SIGN_IDENTITY[sdk=iphoneos*]" = "iPhone Developer";
				COPY_PHASE_STRIP = NO;
				DEBUG_INFORMATION_FORMAT = "dwarf-with-dsym";
				ENABLE_NS_ASSERTIONS = NO;
				ENABLE_STRICT_OBJC_MSGSEND = YES;
				GCC_C_LANGUAGE_STANDARD = gnu99;
				GCC_NO_COMMON_BLOCKS = YES;
				GCC_WARN_64_TO_32_BIT_CONVERSION = YES;
				GCC_WARN_ABOUT_RETURN_TYPE = YES_ERROR;
				GCC_WARN_UNDECLARED_SELECTOR = YES;
				GCC_WARN_UNINITIALIZED_AUTOS = YES_AGGRESSIVE;
				GCC_WARN_UNUSED_FUNCTION = YES;
				GCC_WARN_UNUSED_VARIABLE = YES;
				IPHONEOS_DEPLOYMENT_TARGET = 8.4;
				MTL_ENABLE_DEBUG_INFO = NO;
				SDKROOT = iphoneos;
				TARGETED_DEVICE_FAMILY = "1,2";
				VALIDATE_PRODUCT = YES;
			};
			name = Release;
		};
		6573389C1B96091E00012D99 /* Debug */ = {
			isa = XCBuildConfiguration;
			buildSettings = {
				ASSETCATALOG_COMPILER_APPICON_NAME = AppIcon;
				INFOPLIST_FILE = YelpAutolayout/Info.plist;
				LD_RUNPATH_SEARCH_PATHS = "$(inherited) @executable_path/Frameworks";
				PRODUCT_NAME = "$(TARGET_NAME)";
			};
			name = Debug;
		};
		6573389D1B96091E00012D99 /* Release */ = {
			isa = XCBuildConfiguration;
			buildSettings = {
				ASSETCATALOG_COMPILER_APPICON_NAME = AppIcon;
				INFOPLIST_FILE = YelpAutolayout/Info.plist;
				LD_RUNPATH_SEARCH_PATHS = "$(inherited) @executable_path/Frameworks";
				PRODUCT_NAME = "$(TARGET_NAME)";
			};
			name = Release;
		};
		6573389F1B96091E00012D99 /* Debug */ = {
			isa = XCBuildConfiguration;
			buildSettings = {
				BUNDLE_LOADER = "$(TEST_HOST)";
				FRAMEWORK_SEARCH_PATHS = (
					"$(SDKROOT)/Developer/Library/Frameworks",
					"$(inherited)",
				);
				GCC_PREPROCESSOR_DEFINITIONS = (
					"DEBUG=1",
					"$(inherited)",
				);
				INFOPLIST_FILE = YelpAutolayoutTests/Info.plist;
				LD_RUNPATH_SEARCH_PATHS = "$(inherited) @executable_path/Frameworks @loader_path/Frameworks";
				PRODUCT_NAME = "$(TARGET_NAME)";
				TEST_HOST = "$(BUILT_PRODUCTS_DIR)/YelpAutolayout.app/YelpAutolayout";
			};
			name = Debug;
		};
		657338A01B96091E00012D99 /* Release */ = {
			isa = XCBuildConfiguration;
			buildSettings = {
				BUNDLE_LOADER = "$(TEST_HOST)";
				FRAMEWORK_SEARCH_PATHS = (
					"$(SDKROOT)/Developer/Library/Frameworks",
					"$(inherited)",
				);
				INFOPLIST_FILE = YelpAutolayoutTests/Info.plist;
				LD_RUNPATH_SEARCH_PATHS = "$(inherited) @executable_path/Frameworks @loader_path/Frameworks";
				PRODUCT_NAME = "$(TARGET_NAME)";
				TEST_HOST = "$(BUILT_PRODUCTS_DIR)/YelpAutolayout.app/YelpAutolayout";
			};
			name = Release;
		};
/* End XCBuildConfiguration section */

/* Begin XCConfigurationList section */
		657338771B96091E00012D99 /* Build configuration list for PBXProject "YelpAutolayout" */ = {
			isa = XCConfigurationList;
			buildConfigurations = (
				657338991B96091E00012D99 /* Debug */,
				6573389A1B96091E00012D99 /* Release */,
			);
			defaultConfigurationIsVisible = 0;
			defaultConfigurationName = Release;
		};
		6573389B1B96091E00012D99 /* Build configuration list for PBXNativeTarget "YelpAutolayout" */ = {
			isa = XCConfigurationList;
			buildConfigurations = (
				6573389C1B96091E00012D99 /* Debug */,
				6573389D1B96091E00012D99 /* Release */,
			);
			defaultConfigurationIsVisible = 0;
		};
		6573389E1B96091E00012D99 /* Build configuration list for PBXNativeTarget "YelpAutolayoutTests" */ = {
			isa = XCConfigurationList;
			buildConfigurations = (
				6573389F1B96091E00012D99 /* Debug */,
				657338A01B96091E00012D99 /* Release */,
			);
			defaultConfigurationIsVisible = 0;
		};
/* End XCConfigurationList section */
	};
	rootObject = 657338741B96091E00012D99 /* Project object */;
}
